
Microsoft Visual Studio Solution File, Format Version 12.00
Project("{FAE04EC0-301F-11D3-BF4B-00C04F79EFBC}") = "ObjectDetectionMilestone", "ObjectDetectionMilestone\ObjectDetectionMilestone.csproj", "{438DA62A-CEAB-4144-BE60-E05DAD2CD80F}"
EndProject
Global
	GlobalSection(SolutionConfigurationPlatforms) = preSolution
		Debug|Any CPU = Debug|Any CPU
		Release|Any CPU = Release|Any CPU
	EndGlobalSection
	GlobalSection(ProjectConfigurationPlatforms) = postSolution
		{438DA62A-CEAB-4144-BE60-E05DAD2CD80F}.Debug|Any CPU.ActiveCfg = Debug|Any CPU
		{438DA62A-CEAB-4144-BE60-E05DAD2CD80F}.Debug|Any CPU.Build.0 = Debug|Any CPU
		{438DA62A-CEAB-4144-BE60-E05DAD2CD80F}.Release|Any CPU.ActiveCfg = Release|Any CPU
		{438DA62A-CEAB-4144-BE60-E05DAD2CD80F}.Release|Any CPU.Build.0 = Release|Any CPU
	EndGlobalSection
EndGlobal
